{
  "nodes": {
    "home-manager": {
      "inputs": {
        "nixpkgs": [
          "nixpkgs"
        ]
      },
      "locked": {
        "lastModified": 1786929086,
        "narHash": "sha256-kzpwMyT7i2fTQ41tf/WlsIHuJtf3e0leRBEPkBhUzBY=",
        "ref": "refs/heads/master",
        "rev": "aac4965ddb7ea2ff0f3cadd9502c7042b7aa07ba",
        "revCount": 7163,
        "type": "git",
        "url": "https://github.com/nix-community/home-manager"
      },
      "original": {
        "type": "git",
        "url": "https://github.com/nix-community/home-manager"
      }
    },
    "nix-darwin": {
      "inputs": {
        "nixpkgs": [
          "nixpkgs"
        ]
      },
      "locked": {
        "lastModified": 1786845137,
        "narHash": "sha256-oQFip+v0luP8NIxJzmiW4Wu8bILsbFWom5l0zonl8hQ=",
        "ref": "refs/heads/master",
        "rev": "4cff07de74b50e64bdd68cd4e722ab5b6b35ee48",
        "revCount": 2406,
        "type": "git",
        "url": "https://github.com/nix-darwin/nix-darwin"
      },
      "original": {
        "type": "git",
        "url": "https://github.com/nix-darwin/nix-darwin"
      }
    },
    "nixpkgs": {
      "locked": {
        "lastModified": 1786862985,
        "narHash": "sha256-FBJRXmbGXiSUDvYEbfLYRkckayyZ6SK1UEqhCrIZ2Cs=",
        "owner": "NixOS",
        "repo": "nixpkgs",
        "rev": "e5bdc4a41d4c072fe1e3787eaa0320a384741d44",
        "type": "github"
      },
      "original": {
        "owner": "NixOS",
        "ref": "nixos-unstable",
        "repo": "nixpkgs",
        "type": "github"
      }
    },
    "nixpkgs-darwin-intel": {
      "locked": {
        "lastModified": 1786920013,
        "narHash": "sha256-tlbRqzZ3suDUO3vyR0QFBk0TrxJiRP50t7VWfHhtVrw=",
        "ref": "nixpkgs-26.05-darwin",
        "rev": "33da5f36e599b50aa7dbbfacb718254423b18354",
        "shallow": true,
        "type": "git",
        "url": "https://github.com/NixOS/nixpkgs"
      },
      "original": {
        "ref": "nixpkgs-26.05-darwin",
        "shallow": true,
        "type": "git",
        "url": "https://github.com/NixOS/nixpkgs"
      }
    },
    "root": {
      "inputs": {
        "home-manager": "home-manager",
        "nix-darwin": "nix-darwin",
        "nixpkgs": "nixpkgs",
        "nixpkgs-darwin-intel": "nixpkgs-darwin-intel"
      }
    }
  },
  "root": "root",
  "version": 7
}
